
Microsoft Visual Studio Solution File, Format Version 12.00
# Visual Studio Version 17
VisualStudioVersion = 17.9.34728.123
MinimumVisualStudioVersion = 10.0.40219.1
Project("{FAE04EC0-301F-11D3-BF4B-00C04F79EFBC}") = "HackerNewsBestStories", "HackerNewsBestStories.csproj", "{26B84AF6-326C-4640-8E73-2E0B61FC419B}"
EndProject
Global
	GlobalSection(SolutionConfigurationPlatforms) = preSolution
		Debug|Any CPU = Debug|Any CPU
		Release|Any CPU = Release|Any CPU
	EndGlobalSection
	GlobalSection(ProjectConfigurationPlatforms) = postSolution
		{26B84AF6-326C-4640-8E73-2E0B61FC419B}.Debug|Any CPU.ActiveCfg = Debug|Any CPU
		{26B84AF6-326C-4640-8E73-2E0B61FC419B}.Debug|Any CPU.Build.0 = Debug|Any CPU
		{26B84AF6-326C-4640-8E73-2E0B61FC419B}.Release|Any CPU.ActiveCfg = Release|Any CPU
		{26B84AF6-326C-4640-8E73-2E0B61FC419B}.Release|Any CPU.Build.0 = Release|Any CPU
	EndGlobalSection
	GlobalSection(SolutionProperties) = preSolution
		HideSolutionNode = FALSE
	EndGlobalSection
	GlobalSection(ExtensibilityGlobals) = postSolution
		SolutionGuid = {D9EF0C88-648B-4F85-BB08-D5ECE987FFF0}
	EndGlobalSection
EndGlobal
